
Microsoft Visual Studio Solution File, Format Version 12.00
# Visual Studio Version 16
VisualStudioVersion = 16.0.31025.218
MinimumVisualStudioVersion = 10.0.40219.1
Project("{FAE04EC0-301F-11D3-BF4B-00C04F79EFBC}") = "Countdown", "Countdown\Countdown.csproj", "{B8319E0B-CC23-4845-AA89-F24FB47D2010}"
EndProject
Global
	GlobalSection(SolutionConfigurationPlatforms) = preSolution
		Debug|Any CPU = Debug|Any CPU
		Release|Any CPU = Release|Any CPU
	EndGlobalSection
	GlobalSection(ProjectConfigurationPlatforms) = postSolution
		{B8319E0B-CC23-4845-AA89-F24FB47D2010}.Debug|Any CPU.ActiveCfg = Debug|Any CPU
		{B8319E0B-CC23-4845-AA89-F24FB47D2010}.Debug|Any CPU.Build.0 = Debug|Any CPU
		{B8319E0B-CC23-4845-AA89-F24FB47D2010}.Release|Any CPU.ActiveCfg = Release|Any CPU
		{B8319E0B-CC23-4845-AA89-F24FB47D2010}.Release|Any CPU.Build.0 = Release|Any CPU
	EndGlobalSection
	GlobalSection(SolutionProperties) = preSolution
		HideSolutionNode = FALSE
	EndGlobalSection
	GlobalSection(ExtensibilityGlobals) = postSolution
		SolutionGuid = {D14C96D8-7E55-4E5E-9E4D-459B3BAB3038}
	EndGlobalSection
EndGlobal
